
Microsoft Visual Studio Solution File, Format Version 12.00
# Visual Studio Version 16
VisualStudioVersion = 16.0.31105.61
MinimumVisualStudioVersion = 10.0.40219.1
Project("{FAE04EC0-301F-11D3-BF4B-00C04F79EFBC}") = "ParentalControl.App.Mobile.Android", "ParentalControl.App.Mobile\ParentalControl.App.Mobile.Android\ParentalControl.App.Mobile.Android.csproj", "{2A793BE6-4AAF-4E15-8F3A-FA7DDC85FAE2}"
EndProject
Project("{9A19103F-16F7-4668-BE54-9A1E7A4F7556}") = "ParentalControl.App.Mobile", "ParentalControl.App.Mobile\ParentalControl.App.Mobile\ParentalControl.App.Mobile.csproj", "{A02A87A8-08F2-494B-9393-0219C7625EE5}"
EndProject
Project("{2150E333-8FDC-42A3-9474-1A3956D46DE8}") = "Solution Items", "Solution Items", "{52288650-1B95-47B1-8E43-DEC52AAAFD7D}"
EndProject
Global
	GlobalSection(SolutionConfigurationPlatforms) = preSolution
		Debug|Any CPU = Debug|Any CPU
		Release|Any CPU = Release|Any CPU
	EndGlobalSection
	GlobalSection(ProjectConfigurationPlatforms) = postSolution
		{2A793BE6-4AAF-4E15-8F3A-FA7DDC85FAE2}.Debug|Any CPU.ActiveCfg = Debug|Any CPU
		{2A793BE6-4AAF-4E15-8F3A-FA7DDC85FAE2}.Debug|Any CPU.Build.0 = Debug|Any CPU
		{2A793BE6-4AAF-4E15-8F3A-FA7DDC85FAE2}.Debug|Any CPU.Deploy.0 = Debug|Any CPU
		{2A793BE6-4AAF-4E15-8F3A-FA7DDC85FAE2}.Release|Any CPU.ActiveCfg = Release|Any CPU
		{2A793BE6-4AAF-4E15-8F3A-FA7DDC85FAE2}.Release|Any CPU.Build.0 = Release|Any CPU
		{2A793BE6-4AAF-4E15-8F3A-FA7DDC85FAE2}.Release|Any CPU.Deploy.0 = Release|Any CPU
		{A02A87A8-08F2-494B-9393-0219C7625EE5}.Debug|Any CPU.ActiveCfg = Debug|Any CPU
		{A02A87A8-08F2-494B-9393-0219C7625EE5}.Debug|Any CPU.Build.0 = Debug|Any CPU
		{A02A87A8-08F2-494B-9393-0219C7625EE5}.Debug|Any CPU.Deploy.0 = Debug|Any CPU
		{A02A87A8-08F2-494B-9393-0219C7625EE5}.Release|Any CPU.ActiveCfg = Release|Any CPU
		{A02A87A8-08F2-494B-9393-0219C7625EE5}.Release|Any CPU.Build.0 = Release|Any CPU
		{A02A87A8-08F2-494B-9393-0219C7625EE5}.Release|Any CPU.Deploy.0 = Release|Any CPU
	EndGlobalSection
	GlobalSection(SolutionProperties) = preSolution
		HideSolutionNode = FALSE
	EndGlobalSection
	GlobalSection(ExtensibilityGlobals) = postSolution
		SolutionGuid = {DF0FA0EB-4282-47EF-BDEB-6038CC4584D3}
	EndGlobalSection
EndGlobal
